// !$*UTF8*$!
{
	archiveVersion = 1;
	classes = {
	};
	objectVersion = 56;
	objects = {

/* Begin PBXBuildFile section */
		060E45E32AEDE89000241951 /* Dash.swift in Sources */ = {isa = PBXBuildFile; fileRef = 060E45E22AEDE89000241951 /* Dash.swift */; };
		0652F3812AE89EFB00052C8D /* User.swift in Sources */ = {isa = PBXBuildFile; fileRef = 0652F3802AE89EFB00052C8D /* User.swift */; };
		0652F3832AE89F1D00052C8D /* UserProfile.swift in Sources */ = {isa = PBXBuildFile; fileRef = 0652F3822AE89F1D00052C8D /* UserProfile.swift */; };
		0652F3852AE8A22100052C8D /* Transaction.swift in Sources */ = {isa = PBXBuildFile; fileRef = 0652F3842AE8A22100052C8D /* Transaction.swift */; };
		066218E52AEC5D9700220867 /* CombineCoreBluetooth in Frameworks */ = {isa = PBXBuildFile; productRef = 066218E42AEC5D9700220867 /* CombineCoreBluetooth */; };
		066218E72AEC663B00220867 /* CentralDevice.swift in Sources */ = {isa = PBXBuildFile; fileRef = 066218E62AEC663B00220867 /* CentralDevice.swift */; };
		066218E92AEC7D3900220867 /* ConnectedPeripheral.swift in Sources */ = {isa = PBXBuildFile; fileRef = 066218E82AEC7D3900220867 /* ConnectedPeripheral.swift */; };
		066218EB2AEC8F2100220867 /* ConfirmationPeripheralView.swift in Sources */ = {isa = PBXBuildFile; fileRef = 066218EA2AEC8F2100220867 /* ConfirmationPeripheralView.swift */; };
		066218ED2AEC942800220867 /* PeripheralDevice.swift in Sources */ = {isa = PBXBuildFile; fileRef = 066218EC2AEC942800220867 /* PeripheralDevice.swift */; };
		066218F22AED455800220867 /* QRCodeView.swift in Sources */ = {isa = PBXBuildFile; fileRef = 066218F12AED455800220867 /* QRCodeView.swift */; };
		0691E7892AEF6CFA0061C0CF /* DashView.swift in Sources */ = {isa = PBXBuildFile; fileRef = 0691E7882AEF6CFA0061C0CF /* DashView.swift */; };
		0691E78B2AEF74E60061C0CF /* DashCodeView.swift in Sources */ = {isa = PBXBuildFile; fileRef = 0691E78A2AEF74E60061C0CF /* DashCodeView.swift */; };
		0691E78E2AEF77FC0061C0CF /* DashQRPeripheralView.swift in Sources */ = {isa = PBXBuildFile; fileRef = 0691E78D2AEF77FC0061C0CF /* DashQRPeripheralView.swift */; };
		0691E7902AEF78D00061C0CF /* CollectView.swift in Sources */ = {isa = PBXBuildFile; fileRef = 0691E78F2AEF78D00061C0CF /* CollectView.swift */; };
		0691E7922AEF7ABF0061C0CF /* CollectConfirmationView.swift in Sources */ = {isa = PBXBuildFile; fileRef = 0691E7912AEF7ABF0061C0CF /* CollectConfirmationView.swift */; };
		0691E7942AEFE7350061C0CF /* CollectConfirmationPeripheralView.swift in Sources */ = {isa = PBXBuildFile; fileRef = 0691E7932AEFE7350061C0CF /* CollectConfirmationPeripheralView.swift */; };
		06A051952AF0638E00600BBC /* Confirmation.swift in Sources */ = {isa = PBXBuildFile; fileRef = 06A051942AF0638E00600BBC /* Confirmation.swift */; };
		06A051982AF07C8300600BBC /* QRPeripheralView.swift in Sources */ = {isa = PBXBuildFile; fileRef = 06A051972AF07C8300600BBC /* QRPeripheralView.swift */; };
		06A0519A2AF07E8500600BBC /* PayView.swift in Sources */ = {isa = PBXBuildFile; fileRef = 06A051992AF07E8500600BBC /* PayView.swift */; };
		06A0519C2AF0897B00600BBC /* AccountHistoryView.swift in Sources */ = {isa = PBXBuildFile; fileRef = 06A0519B2AF0897B00600BBC /* AccountHistoryView.swift */; };
		06A0519E2AF08A6300600BBC /* HistoryItemView.swift in Sources */ = {isa = PBXBuildFile; fileRef = 06A0519D2AF08A6300600BBC /* HistoryItemView.swift */; };
		06A051A02AF0934400600BBC /* DeleteProfileView.swift in Sources */ = {isa = PBXBuildFile; fileRef = 06A0519F2AF0934400600BBC /* DeleteProfileView.swift */; };
		06CA910A2AEDBEAA004DFA7A /* OrderTotalView.swift in Sources */ = {isa = PBXBuildFile; fileRef = 06CA91092AEDBEAA004DFA7A /* OrderTotalView.swift */; };
		3033658E2AE9FF4500C12927 /* ReceiptView.swift in Sources */ = {isa = PBXBuildFile; fileRef = 3033658D2AE9FF4500C12927 /* ReceiptView.swift */; };
		303365922AEA1D8700C12927 /* NewProfileView.swift in Sources */ = {isa = PBXBuildFile; fileRef = 303365912AEA1D8700C12927 /* NewProfileView.swift */; };
		3054F6172AE97DE8001F9FB6 /* TransferView.swift in Sources */ = {isa = PBXBuildFile; fileRef = 3054F6162AE97DE8001F9FB6 /* TransferView.swift */; };
		3054F6192AE9838B001F9FB6 /* Transfer.swift in Sources */ = {isa = PBXBuildFile; fileRef = 3054F6182AE9838B001F9FB6 /* Transfer.swift */; };
		3054F61B2AE9925C001F9FB6 /* ProfileView.swift in Sources */ = {isa = PBXBuildFile; fileRef = 3054F61A2AE9925C001F9FB6 /* ProfileView.swift */; };
		3054F61F2AE994BD001F9FB6 /* BankAccount.swift in Sources */ = {isa = PBXBuildFile; fileRef = 3054F61E2AE994BD001F9FB6 /* BankAccount.swift */; };
		3054F6242AE9E32F001F9FB6 /* CodeScanner in Frameworks */ = {isa = PBXBuildFile; productRef = 3054F6232AE9E32F001F9FB6 /* CodeScanner */; };
		309476B02AE9F3A700727706 /* ConfirmationView.swift in Sources */ = {isa = PBXBuildFile; fileRef = 309476AF2AE9F3A700727706 /* ConfirmationView.swift */; };
		309EEBC22AEAC4D800C9C68A /* NewBankView.swift in Sources */ = {isa = PBXBuildFile; fileRef = 309EEBC12AEAC4D800C9C68A /* NewBankView.swift */; };
		309EEBC42AEB294000C9C68A /* ItemCreationView.swift in Sources */ = {isa = PBXBuildFile; fileRef = 309EEBC32AEB294000C9C68A /* ItemCreationView.swift */; };
		309EEBC62AEB29A500C9C68A /* Order.swift in Sources */ = {isa = PBXBuildFile; fileRef = 309EEBC52AEB29A500C9C68A /* Order.swift */; };
		309EEBC82AEB375700C9C68A /* OrderBuilderView.swift in Sources */ = {isa = PBXBuildFile; fileRef = 309EEBC72AEB375700C9C68A /* OrderBuilderView.swift */; };
		30B11EF12AE8842F00ACBB90 /* CashFlowApp.swift in Sources */ = {isa = PBXBuildFile; fileRef = 30B11EF02AE8842F00ACBB90 /* CashFlowApp.swift */; };
		30B11EF32AE8842F00ACBB90 /* ContentView.swift in Sources */ = {isa = PBXBuildFile; fileRef = 30B11EF22AE8842F00ACBB90 /* ContentView.swift */; };
		30B11EF52AE8843100ACBB90 /* Assets.xcassets in Resources */ = {isa = PBXBuildFile; fileRef = 30B11EF42AE8843100ACBB90 /* Assets.xcassets */; };
		30B11EF82AE8843100ACBB90 /* Preview Assets.xcassets in Resources */ = {isa = PBXBuildFile; fileRef = 30B11EF72AE8843100ACBB90 /* Preview Assets.xcassets */; };
		30B11F022AE8843100ACBB90 /* CashFlowTests.swift in Sources */ = {isa = PBXBuildFile; fileRef = 30B11F012AE8843100ACBB90 /* CashFlowTests.swift */; };
		30B11F0C2AE8843100ACBB90 /* CashFlowUITests.swift in Sources */ = {isa = PBXBuildFile; fileRef = 30B11F0B2AE8843100ACBB90 /* CashFlowUITests.swift */; };
		30B11F0E2AE8843100ACBB90 /* CashFlowUITestsLaunchTests.swift in Sources */ = {isa = PBXBuildFile; fileRef = 30B11F0D2AE8843100ACBB90 /* CashFlowUITestsLaunchTests.swift */; };
		30B11F1D2AE8898D00ACBB90 /* BillView.swift in Sources */ = {isa = PBXBuildFile; fileRef = 30B11F1C2AE8898D00ACBB90 /* BillView.swift */; };
		30B11F1F2AE889F000ACBB90 /* SummaryView.swift in Sources */ = {isa = PBXBuildFile; fileRef = 30B11F1E2AE889F000ACBB90 /* SummaryView.swift */; };
/* End PBXBuildFile section */

/* Begin PBXContainerItemProxy section */
		30B11EFE2AE8843100ACBB90 /* PBXContainerItemProxy */ = {
			isa = PBXContainerItemProxy;
			containerPortal = 30B11EE52AE8842F00ACBB90 /* Project object */;
			proxyType = 1;
			remoteGlobalIDString = 30B11EEC2AE8842F00ACBB90;
			remoteInfo = CashFlow;
		};
		30B11F082AE8843100ACBB90 /* PBXContainerItemProxy */ = {
			isa = PBXContainerItemProxy;
			containerPortal = 30B11EE52AE8842F00ACBB90 /* Project object */;
			proxyType = 1;
			remoteGlobalIDString = 30B11EEC2AE8842F00ACBB90;
			remoteInfo = CashFlow;
		};
/* End PBXContainerItemProxy section */

/* Begin PBXFileReference section */
		060E45E22AEDE89000241951 /* Dash.swift */ = {isa = PBXFileReference; lastKnownFileType = sourcecode.swift; path = Dash.swift; sourceTree = "<group>"; };
		0652F3802AE89EFB00052C8D /* User.swift */ = {isa = PBXFileReference; lastKnownFileType = sourcecode.swift; path = User.swift; sourceTree = "<group>"; };
		0652F3822AE89F1D00052C8D /* UserProfile.swift */ = {isa = PBXFileReference; lastKnownFileType = sourcecode.swift; path = UserProfile.swift; sourceTree = "<group>"; };
		0652F3842AE8A22100052C8D /* Transaction.swift */ = {isa = PBXFileReference; lastKnownFileType = sourcecode.swift; path = Transaction.swift; sourceTree = "<group>"; };
		066218E62AEC663B00220867 /* CentralDevice.swift */ = {isa = PBXFileReference; lastKnownFileType = sourcecode.swift; path = CentralDevice.swift; sourceTree = "<group>"; };
		066218E82AEC7D3900220867 /* ConnectedPeripheral.swift */ = {isa = PBXFileReference; lastKnownFileType = sourcecode.swift; path = ConnectedPeripheral.swift; sourceTree = "<group>"; };
		066218EA2AEC8F2100220867 /* ConfirmationPeripheralView.swift */ = {isa = PBXFileReference; lastKnownFileType = sourcecode.swift; path = ConfirmationPeripheralView.swift; sourceTree = "<group>"; };
		066218EC2AEC942800220867 /* PeripheralDevice.swift */ = {isa = PBXFileReference; lastKnownFileType = sourcecode.swift; path = PeripheralDevice.swift; sourceTree = "<group>"; };
		066218F12AED455800220867 /* QRCodeView.swift */ = {isa = PBXFileReference; lastKnownFileType = sourcecode.swift; path = QRCodeView.swift; sourceTree = "<group>"; };
		0691E7882AEF6CFA0061C0CF /* DashView.swift */ = {isa = PBXFileReference; lastKnownFileType = sourcecode.swift; path = DashView.swift; sourceTree = "<group>"; };
		0691E78A2AEF74E60061C0CF /* DashCodeView.swift */ = {isa = PBXFileReference; lastKnownFileType = sourcecode.swift; path = DashCodeView.swift; sourceTree = "<group>"; };
		0691E78D2AEF77FC0061C0CF /* DashQRPeripheralView.swift */ = {isa = PBXFileReference; lastKnownFileType = sourcecode.swift; path = DashQRPeripheralView.swift; sourceTree = "<group>"; };
		0691E78F2AEF78D00061C0CF /* CollectView.swift */ = {isa = PBXFileReference; lastKnownFileType = sourcecode.swift; path = CollectView.swift; sourceTree = "<group>"; };
		0691E7912AEF7ABF0061C0CF /* CollectConfirmationView.swift */ = {isa = PBXFileReference; lastKnownFileType = sourcecode.swift; path = CollectConfirmationView.swift; sourceTree = "<group>"; };
		0691E7932AEFE7350061C0CF /* CollectConfirmationPeripheralView.swift */ = {isa = PBXFileReference; lastKnownFileType = sourcecode.swift; path = CollectConfirmationPeripheralView.swift; sourceTree = "<group>"; };
		06A051942AF0638E00600BBC /* Confirmation.swift */ = {isa = PBXFileReference; lastKnownFileType = sourcecode.swift; path = Confirmation.swift; sourceTree = "<group>"; };
		06A051972AF07C8300600BBC /* QRPeripheralView.swift */ = {isa = PBXFileReference; lastKnownFileType = sourcecode.swift; path = QRPeripheralView.swift; sourceTree = "<group>"; };
		06A051992AF07E8500600BBC /* PayView.swift */ = {isa = PBXFileReference; lastKnownFileType = sourcecode.swift; path = PayView.swift; sourceTree = "<group>"; };
		06A0519B2AF0897B00600BBC /* AccountHistoryView.swift */ = {isa = PBXFileReference; lastKnownFileType = sourcecode.swift; path = AccountHistoryView.swift; sourceTree = "<group>"; };
		06A0519D2AF08A6300600BBC /* HistoryItemView.swift */ = {isa = PBXFileReference; lastKnownFileType = sourcecode.swift; path = HistoryItemView.swift; sourceTree = "<group>"; };
		06A0519F2AF0934400600BBC /* DeleteProfileView.swift */ = {isa = PBXFileReference; lastKnownFileType = sourcecode.swift; path = DeleteProfileView.swift; sourceTree = "<group>"; };
		06CA91092AEDBEAA004DFA7A /* OrderTotalView.swift */ = {isa = PBXFileReference; lastKnownFileType = sourcecode.swift; path = OrderTotalView.swift; sourceTree = "<group>"; };
		3033658D2AE9FF4500C12927 /* ReceiptView.swift */ = {isa = PBXFileReference; lastKnownFileType = sourcecode.swift; path = ReceiptView.swift; sourceTree = "<group>"; };
		303365912AEA1D8700C12927 /* NewProfileView.swift */ = {isa = PBXFileReference; lastKnownFileType = sourcecode.swift; path = NewProfileView.swift; sourceTree = "<group>"; };
		3054F6162AE97DE8001F9FB6 /* TransferView.swift */ = {isa = PBXFileReference; lastKnownFileType = sourcecode.swift; path = TransferView.swift; sourceTree = "<group>"; };
		3054F6182AE9838B001F9FB6 /* Transfer.swift */ = {isa = PBXFileReference; lastKnownFileType = sourcecode.swift; path = Transfer.swift; sourceTree = "<group>"; };
		3054F61A2AE9925C001F9FB6 /* ProfileView.swift */ = {isa = PBXFileReference; lastKnownFileType = sourcecode.swift; path = ProfileView.swift; sourceTree = "<group>"; };
		3054F61E2AE994BD001F9FB6 /* BankAccount.swift */ = {isa = PBXFileReference; lastKnownFileType = sourcecode.swift; path = BankAccount.swift; sourceTree = "<group>"; };
		309476AF2AE9F3A700727706 /* ConfirmationView.swift */ = {isa = PBXFileReference; lastKnownFileType = sourcecode.swift; path = ConfirmationView.swift; sourceTree = "<group>"; };
		309EEBC12AEAC4D800C9C68A /* NewBankView.swift */ = {isa = PBXFileReference; lastKnownFileType = sourcecode.swift; path = NewBankView.swift; sourceTree = "<group>"; };
		309EEBC32AEB294000C9C68A /* ItemCreationView.swift */ = {isa = PBXFileReference; lastKnownFileType = sourcecode.swift; path = ItemCreationView.swift; sourceTree = "<group>"; };
		309EEBC52AEB29A500C9C68A /* Order.swift */ = {isa = PBXFileReference; lastKnownFileType = sourcecode.swift; path = Order.swift; sourceTree = "<group>"; };
		309EEBC72AEB375700C9C68A /* OrderBuilderView.swift */ = {isa = PBXFileReference; lastKnownFileType = sourcecode.swift; path = OrderBuilderView.swift; sourceTree = "<group>"; };
		30B11EED2AE8842F00ACBB90 /* CashFlow.app */ = {isa = PBXFileReference; explicitFileType = wrapper.application; includeInIndex = 0; path = CashFlow.app; sourceTree = BUILT_PRODUCTS_DIR; };
		30B11EF02AE8842F00ACBB90 /* CashFlowApp.swift */ = {isa = PBXFileReference; lastKnownFileType = sourcecode.swift; path = CashFlowApp.swift; sourceTree = "<group>"; };
		30B11EF22AE8842F00ACBB90 /* ContentView.swift */ = {isa = PBXFileReference; lastKnownFileType = sourcecode.swift; path = ContentView.swift; sourceTree = "<group>"; };
		30B11EF42AE8843100ACBB90 /* Assets.xcassets */ = {isa = PBXFileReference; lastKnownFileType = folder.assetcatalog; path = Assets.xcassets; sourceTree = "<group>"; };
		30B11EF72AE8843100ACBB90 /* Preview Assets.xcassets */ = {isa = PBXFileReference; lastKnownFileType = folder.assetcatalog; path = "Preview Assets.xcassets"; sourceTree = "<group>"; };
		30B11EFD2AE8843100ACBB90 /* CashFlowTests.xctest */ = {isa = PBXFileReference; explicitFileType = wrapper.cfbundle; includeInIndex = 0; path = CashFlowTests.xctest; sourceTree = BUILT_PRODUCTS_DIR; };
		30B11F012AE8843100ACBB90 /* CashFlowTests.swift */ = {isa = PBXFileReference; lastKnownFileType = sourcecode.swift; path = CashFlowTests.swift; sourceTree = "<group>"; };
		30B11F072AE8843100ACBB90 /* CashFlowUITests.xctest */ = {isa = PBXFileReference; explicitFileType = wrapper.cfbundle; includeInIndex = 0; path = CashFlowUITests.xctest; sourceTree = BUILT_PRODUCTS_DIR; };
		30B11F0B2AE8843100ACBB90 /* CashFlowUITests.swift */ = {isa = PBXFileReference; lastKnownFileType = sourcecode.swift; path = CashFlowUITests.swift; sourceTree = "<group>"; };
		30B11F0D2AE8843100ACBB90 /* CashFlowUITestsLaunchTests.swift */ = {isa = PBXFileReference; lastKnownFileType = sourcecode.swift; path = CashFlowUITestsLaunchTests.swift; sourceTree = "<group>"; };
		30B11F1C2AE8898D00ACBB90 /* BillView.swift */ = {isa = PBXFileReference; lastKnownFileType = sourcecode.swift; path = BillView.swift; sourceTree = "<group>"; };
		30B11F1E2AE889F000ACBB90 /* SummaryView.swift */ = {isa = PBXFileReference; lastKnownFileType = sourcecode.swift; path = SummaryView.swift; sourceTree = "<group>"; };
/* End PBXFileReference section */

/* Begin PBXFrameworksBuildPhase section */
		30B11EEA2AE8842F00ACBB90 /* Frameworks */ = {
			isa = PBXFrameworksBuildPhase;
			buildActionMask = 2147483647;
			files = (
				066218E52AEC5D9700220867 /* CombineCoreBluetooth in Frameworks */,
				3054F6242AE9E32F001F9FB6 /* CodeScanner in Frameworks */,
			);
			runOnlyForDeploymentPostprocessing = 0;
		};
		30B11EFA2AE8843100ACBB90 /* Frameworks */ = {
			isa = PBXFrameworksBuildPhase;
			buildActionMask = 2147483647;
			files = (
			);
			runOnlyForDeploymentPostprocessing = 0;
		};
		30B11F042AE8843100ACBB90 /* Frameworks */ = {
			isa = PBXFrameworksBuildPhase;
			buildActionMask = 2147483647;
			files = (
			);
			runOnlyForDeploymentPostprocessing = 0;
		};
/* End PBXFrameworksBuildPhase section */

/* Begin PBXGroup section */
		060E45E52AEDE8B200241951 /* Transaction */ = {
			isa = PBXGroup;
			children = (
				0652F3842AE8A22100052C8D /* Transaction.swift */,
				309EEBC52AEB29A500C9C68A /* Order.swift */,
				060E45E22AEDE89000241951 /* Dash.swift */,
			);
			path = Transaction;
			sourceTree = "<group>";
		};
		060E45E62AEDE8D900241951 /* TransactionViews */ = {
			isa = PBXGroup;
			children = (
				309EEBC72AEB375700C9C68A /* OrderBuilderView.swift */,
				3033658D2AE9FF4500C12927 /* ReceiptView.swift */,
				06A0519D2AF08A6300600BBC /* HistoryItemView.swift */,
				06CA91092AEDBEAA004DFA7A /* OrderTotalView.swift */,
				06A051962AF0796100600BBC /* Bill-Pay */,
				0691E78C2AEF77E40061C0CF /* Dash-Collect */,
			);
			path = TransactionViews;
			sourceTree = "<group>";
		};
		0652F37E2AE89ED900052C8D /* Views */ = {
			isa = PBXGroup;
			children = (
				060E45E62AEDE8D900241951 /* TransactionViews */,
				30B11EF22AE8842F00ACBB90 /* ContentView.swift */,
				3054F61A2AE9925C001F9FB6 /* ProfileView.swift */,
				06A0519B2AF0897B00600BBC /* AccountHistoryView.swift */,
				303365912AEA1D8700C12927 /* NewProfileView.swift */,
				30B11F1E2AE889F000ACBB90 /* SummaryView.swift */,
				06A0519F2AF0934400600BBC /* DeleteProfileView.swift */,
				309EEBC32AEB294000C9C68A /* ItemCreationView.swift */,
				309EEBC12AEAC4D800C9C68A /* NewBankView.swift */,
				3054F6162AE97DE8001F9FB6 /* TransferView.swift */,
			);
			path = Views;
			sourceTree = "<group>";
		};
		0652F37F2AE89EE200052C8D /* Model */ = {
			isa = PBXGroup;
			children = (
				066218EE2AECA6EC00220867 /* Bluetooth */,
				060E45E52AEDE8B200241951 /* Transaction */,
				3054F6182AE9838B001F9FB6 /* Transfer.swift */,
				0652F3802AE89EFB00052C8D /* User.swift */,
				06A051942AF0638E00600BBC /* Confirmation.swift */,
				3054F61E2AE994BD001F9FB6 /* BankAccount.swift */,
				0652F3822AE89F1D00052C8D /* UserProfile.swift */,
			);
			path = Model;
			sourceTree = "<group>";
		};
		066218EE2AECA6EC00220867 /* Bluetooth */ = {
			isa = PBXGroup;
			children = (
				066218E62AEC663B00220867 /* CentralDevice.swift */,
				066218E82AEC7D3900220867 /* ConnectedPeripheral.swift */,
				066218EC2AEC942800220867 /* PeripheralDevice.swift */,
			);
			path = Bluetooth;
			sourceTree = "<group>";
		};
		0691E78C2AEF77E40061C0CF /* Dash-Collect */ = {
			isa = PBXGroup;
			children = (
				0691E78A2AEF74E60061C0CF /* DashCodeView.swift */,
				0691E7882AEF6CFA0061C0CF /* DashView.swift */,
				0691E78D2AEF77FC0061C0CF /* DashQRPeripheralView.swift */,
				0691E78F2AEF78D00061C0CF /* CollectView.swift */,
				0691E7912AEF7ABF0061C0CF /* CollectConfirmationView.swift */,
				0691E7932AEFE7350061C0CF /* CollectConfirmationPeripheralView.swift */,
			);
			path = "Dash-Collect";
			sourceTree = "<group>";
		};
		06A051962AF0796100600BBC /* Bill-Pay */ = {
			isa = PBXGroup;
			children = (
				066218EA2AEC8F2100220867 /* ConfirmationPeripheralView.swift */,
				06A051972AF07C8300600BBC /* QRPeripheralView.swift */,
				066218F12AED455800220867 /* QRCodeView.swift */,
				309476AF2AE9F3A700727706 /* ConfirmationView.swift */,
				30B11F1C2AE8898D00ACBB90 /* BillView.swift */,
				06A051992AF07E8500600BBC /* PayView.swift */,
			);
			path = "Bill-Pay";
			sourceTree = "<group>";
		};
		30B11EE42AE8842F00ACBB90 = {
			isa = PBXGroup;
			children = (
				30B11EEF2AE8842F00ACBB90 /* CashFlow */,
				30B11F002AE8843100ACBB90 /* CashFlowTests */,
				30B11F0A2AE8843100ACBB90 /* CashFlowUITests */,
				30B11EEE2AE8842F00ACBB90 /* Products */,
			);
			sourceTree = "<group>";
		};
		30B11EEE2AE8842F00ACBB90 /* Products */ = {
			isa = PBXGroup;
			children = (
				30B11EED2AE8842F00ACBB90 /* CashFlow.app */,
				30B11EFD2AE8843100ACBB90 /* CashFlowTests.xctest */,
				30B11F072AE8843100ACBB90 /* CashFlowUITests.xctest */,
			);
			name = Products;
			sourceTree = "<group>";
		};
		30B11EEF2AE8842F00ACBB90 /* CashFlow */ = {
			isa = PBXGroup;
			children = (
				30B11EF02AE8842F00ACBB90 /* CashFlowApp.swift */,
				0652F37E2AE89ED900052C8D /* Views */,
				0652F37F2AE89EE200052C8D /* Model */,
				30B11EF42AE8843100ACBB90 /* Assets.xcassets */,
				30B11EF62AE8843100ACBB90 /* Preview Content */,
			);
			path = CashFlow;
			sourceTree = "<group>";
		};
		30B11EF62AE8843100ACBB90 /* Preview Content */ = {
			isa = PBXGroup;
			children = (
				30B11EF72AE8843100ACBB90 /* Preview Assets.xcassets */,
			);
			path = "Preview Content";
			sourceTree = "<group>";
		};
		30B11F002AE8843100ACBB90 /* CashFlowTests */ = {
			isa = PBXGroup;
			children = (
				30B11F012AE8843100ACBB90 /* CashFlowTests.swift */,
			);
			path = CashFlowTests;
			sourceTree = "<group>";
		};
		30B11F0A2AE8843100ACBB90 /* CashFlowUITests */ = {
			isa = PBXGroup;
			children = (
				30B11F0B2AE8843100ACBB90 /* CashFlowUITests.swift */,
				30B11F0D2AE8843100ACBB90 /* CashFlowUITestsLaunchTests.swift */,
			);
			path = CashFlowUITests;
			sourceTree = "<group>";
		};
/* End PBXGroup section */

/* Begin PBXNativeTarget section */
		30B11EEC2AE8842F00ACBB90 /* CashFlow */ = {
			isa = PBXNativeTarget;
			buildConfigurationList = 30B11F112AE8843100ACBB90 /* Build configuration list for PBXNativeTarget "CashFlow" */;
			buildPhases = (
				30B11EE92AE8842F00ACBB90 /* Sources */,
				30B11EEA2AE8842F00ACBB90 /* Frameworks */,
				30B11EEB2AE8842F00ACBB90 /* Resources */,
			);
			buildRules = (
			);
			dependencies = (
			);
			name = CashFlow;
			packageProductDependencies = (
				3054F6232AE9E32F001F9FB6 /* CodeScanner */,
				066218E42AEC5D9700220867 /* CombineCoreBluetooth */,
			);
			productName = CashFlow;
			productReference = 30B11EED2AE8842F00ACBB90 /* CashFlow.app */;
			productType = "com.apple.product-type.application";
		};
		30B11EFC2AE8843100ACBB90 /* CashFlowTests */ = {
			isa = PBXNativeTarget;
			buildConfigurationList = 30B11F142AE8843100ACBB90 /* Build configuration list for PBXNativeTarget "CashFlowTests" */;
			buildPhases = (
				30B11EF92AE8843100ACBB90 /* Sources */,
				30B11EFA2AE8843100ACBB90 /* Frameworks */,
				30B11EFB2AE8843100ACBB90 /* Resources */,
			);
			buildRules = (
			);
			dependencies = (
				30B11EFF2AE8843100ACBB90 /* PBXTargetDependency */,
			);
			name = CashFlowTests;
			productName = CashFlowTests;
			productReference = 30B11EFD2AE8843100ACBB90 /* CashFlowTests.xctest */;
			productType = "com.apple.product-type.bundle.unit-test";
		};
		30B11F062AE8843100ACBB90 /* CashFlowUITests */ = {
			isa = PBXNativeTarget;
			buildConfigurationList = 30B11F172AE8843100ACBB90 /* Build configuration list for PBXNativeTarget "CashFlowUITests" */;
			buildPhases = (
				30B11F032AE8843100ACBB90 /* Sources */,
				30B11F042AE8843100ACBB90 /* Frameworks */,
				30B11F052AE8843100ACBB90 /* Resources */,
			);
			buildRules = (
			);
			dependencies = (
				30B11F092AE8843100ACBB90 /* PBXTargetDependency */,
			);
			name = CashFlowUITests;
			productName = CashFlowUITests;
			productReference = 30B11F072AE8843100ACBB90 /* CashFlowUITests.xctest */;
			productType = "com.apple.product-type.bundle.ui-testing";
		};
/* End PBXNativeTarget section */

/* Begin PBXProject section */
		30B11EE52AE8842F00ACBB90 /* Project object */ = {
			isa = PBXProject;
			attributes = {
				BuildIndependentTargetsInParallel = 1;
				LastSwiftUpdateCheck = 1500;
				LastUpgradeCheck = 1500;
				TargetAttributes = {
					30B11EEC2AE8842F00ACBB90 = {
						CreatedOnToolsVersion = 15.0.1;
					};
					30B11EFC2AE8843100ACBB90 = {
						CreatedOnToolsVersion = 15.0.1;
						TestTargetID = 30B11EEC2AE8842F00ACBB90;
					};
					30B11F062AE8843100ACBB90 = {
						CreatedOnToolsVersion = 15.0.1;
						TestTargetID = 30B11EEC2AE8842F00ACBB90;
					};
				};
			};
			buildConfigurationList = 30B11EE82AE8842F00ACBB90 /* Build configuration list for PBXProject "CashFlow" */;
			compatibilityVersion = "Xcode 14.0";
			developmentRegion = en;
			hasScannedForEncodings = 0;
			knownRegions = (
				en,
				Base,
			);
			mainGroup = 30B11EE42AE8842F00ACBB90;
			packageReferences = (
				3054F6222AE9E32F001F9FB6 /* XCRemoteSwiftPackageReference "CodeScanner" */,
				066218E32AEC5D9700220867 /* XCRemoteSwiftPackageReference "CombineCoreBluetooth" */,
			);
			productRefGroup = 30B11EEE2AE8842F00ACBB90 /* Products */;
			projectDirPath = "";
			projectRoot = "";
			targets = (
				30B11EEC2AE8842F00ACBB90 /* CashFlow */,
				30B11EFC2AE8843100ACBB90 /* CashFlowTests */,
				30B11F062AE8843100ACBB90 /* CashFlowUITests */,
			);
		};
/* End PBXProject section */

/* Begin PBXResourcesBuildPhase section */
		30B11EEB2AE8842F00ACBB90 /* Resources */ = {
			isa = PBXResourcesBuildPhase;
			buildActionMask = 2147483647;
			files = (
				30B11EF82AE8843100ACBB90 /* Preview Assets.xcassets in Resources */,
				30B11EF52AE8843100ACBB90 /* Assets.xcassets in Resources */,
			);
			runOnlyForDeploymentPostprocessing = 0;
		};
		30B11EFB2AE8843100ACBB90 /* Resources */ = {
			isa = PBXResourcesBuildPhase;
			buildActionMask = 2147483647;
			files = (
			);
			runOnlyForDeploymentPostprocessing = 0;
		};
		30B11F052AE8843100ACBB90 /* Resources */ = {
			isa = PBXResourcesBuildPhase;
			buildActionMask = 2147483647;
			files = (
			);
			runOnlyForDeploymentPostprocessing = 0;
		};
/* End PBXResourcesBuildPhase section */

/* Begin PBXSourcesBuildPhase section */
		30B11EE92AE8842F00ACBB90 /* Sources */ = {
			isa = PBXSourcesBuildPhase;
			buildActionMask = 2147483647;
			files = (
				3054F61F2AE994BD001F9FB6 /* BankAccount.swift in Sources */,
				0691E7942AEFE7350061C0CF /* CollectConfirmationPeripheralView.swift in Sources */,
				3054F6172AE97DE8001F9FB6 /* TransferView.swift in Sources */,
				066218E92AEC7D3900220867 /* ConnectedPeripheral.swift in Sources */,
				0691E78B2AEF74E60061C0CF /* DashCodeView.swift in Sources */,
				30B11F1D2AE8898D00ACBB90 /* BillView.swift in Sources */,
				066218ED2AEC942800220867 /* PeripheralDevice.swift in Sources */,
				0691E78E2AEF77FC0061C0CF /* DashQRPeripheralView.swift in Sources */,
				0652F3852AE8A22100052C8D /* Transaction.swift in Sources */,
				06A0519A2AF07E8500600BBC /* PayView.swift in Sources */,
				060E45E32AEDE89000241951 /* Dash.swift in Sources */,
				066218F22AED455800220867 /* QRCodeView.swift in Sources */,
				06A051A02AF0934400600BBC /* DeleteProfileView.swift in Sources */,
				0652F3832AE89F1D00052C8D /* UserProfile.swift in Sources */,
				0691E7902AEF78D00061C0CF /* CollectView.swift in Sources */,
				0652F3812AE89EFB00052C8D /* User.swift in Sources */,
				0691E7892AEF6CFA0061C0CF /* DashView.swift in Sources */,
				3054F6192AE9838B001F9FB6 /* Transfer.swift in Sources */,
				06A051982AF07C8300600BBC /* QRPeripheralView.swift in Sources */,
				309476B02AE9F3A700727706 /* ConfirmationView.swift in Sources */,
				303365922AEA1D8700C12927 /* NewProfileView.swift in Sources */,
				06A0519C2AF0897B00600BBC /* AccountHistoryView.swift in Sources */,
				309EEBC62AEB29A500C9C68A /* Order.swift in Sources */,
				30B11F1F2AE889F000ACBB90 /* SummaryView.swift in Sources */,
				0691E7922AEF7ABF0061C0CF /* CollectConfirmationView.swift in Sources */,
				309EEBC42AEB294000C9C68A /* ItemCreationView.swift in Sources */,
				06A051952AF0638E00600BBC /* Confirmation.swift in Sources */,
				309EEBC22AEAC4D800C9C68A /* NewBankView.swift in Sources */,
				06CA910A2AEDBEAA004DFA7A /* OrderTotalView.swift in Sources */,
				06A0519E2AF08A6300600BBC /* HistoryItemView.swift in Sources */,
				066218E72AEC663B00220867 /* CentralDevice.swift in Sources */,
				30B11EF32AE8842F00ACBB90 /* ContentView.swift in Sources */,
				3033658E2AE9FF4500C12927 /* ReceiptView.swift in Sources */,
				3054F61B2AE9925C001F9FB6 /* ProfileView.swift in Sources */,
				30B11EF12AE8842F00ACBB90 /* CashFlowApp.swift in Sources */,
				066218EB2AEC8F2100220867 /* ConfirmationPeripheralView.swift in Sources */,
				309EEBC82AEB375700C9C68A /* OrderBuilderView.swift in Sources */,
			);
			runOnlyForDeploymentPostprocessing = 0;
		};
		30B11EF92AE8843100ACBB90 /* Sources */ = {
			isa = PBXSourcesBuildPhase;
			buildActionMask = 2147483647;
			files = (
				30B11F022AE8843100ACBB90 /* CashFlowTests.swift in Sources */,
			);
			runOnlyForDeploymentPostprocessing = 0;
		};
		30B11F032AE8843100ACBB90 /* Sources */ = {
			isa = PBXSourcesBuildPhase;
			buildActionMask = 2147483647;
			files = (
				30B11F0E2AE8843100ACBB90 /* CashFlowUITestsLaunchTests.swift in Sources */,
				30B11F0C2AE8843100ACBB90 /* CashFlowUITests.swift in Sources */,
			);
			runOnlyForDeploymentPostprocessing = 0;
		};
/* End PBXSourcesBuildPhase section */

/* Begin PBXTargetDependency section */
		30B11EFF2AE8843100ACBB90 /* PBXTargetDependency */ = {
			isa = PBXTargetDependency;
			target = 30B11EEC2AE8842F00ACBB90 /* CashFlow */;
			targetProxy = 30B11EFE2AE8843100ACBB90 /* PBXContainerItemProxy */;
		};
		30B11F092AE8843100ACBB90 /* PBXTargetDependency */ = {
			isa = PBXTargetDependency;
			target = 30B11EEC2AE8842F00ACBB90 /* CashFlow */;
			targetProxy = 30B11F082AE8843100ACBB90 /* PBXContainerItemProxy */;
		};
/* End PBXTargetDependency section */

/* Begin XCBuildConfiguration section */
		30B11F0F2AE8843100ACBB90 /* Debug */ = {
			isa = XCBuildConfiguration;
			buildSettings = {
				ALWAYS_SEARCH_USER_PATHS = NO;
				ASSETCATALOG_COMPILER_GENERATE_SWIFT_ASSET_SYMBOL_EXTENSIONS = YES;
				CLANG_ANALYZER_NONNULL = YES;
				CLANG_ANALYZER_NUMBER_OBJECT_CONVERSION = YES_AGGRESSIVE;
				CLANG_CXX_LANGUAGE_STANDARD = "gnu++20";
				CLANG_ENABLE_MODULES = YES;
				CLANG_ENABLE_OBJC_ARC = YES;
				CLANG_ENABLE_OBJC_WEAK = YES;
				CLANG_WARN_BLOCK_CAPTURE_AUTORELEASING = YES;
				CLANG_WARN_BOOL_CONVERSION = YES;
				CLANG_WARN_COMMA = YES;
				CLANG_WARN_CONSTANT_CONVERSION = YES;
				CLANG_WARN_DEPRECATED_OBJC_IMPLEMENTATIONS = YES;
				CLANG_WARN_DIRECT_OBJC_ISA_USAGE = YES_ERROR;
				CLANG_WARN_DOCUMENTATION_COMMENTS = YES;
				CLANG_WARN_EMPTY_BODY = YES;
				CLANG_WARN_ENUM_CONVERSION = YES;
				CLANG_WARN_INFINITE_RECURSION = YES;
				CLANG_WARN_INT_CONVERSION = YES;
				CLANG_WARN_NON_LITERAL_NULL_CONVERSION = YES;
				CLANG_WARN_OBJC_IMPLICIT_RETAIN_SELF = YES;
				CLANG_WARN_OBJC_LITERAL_CONVERSION = YES;
				CLANG_WARN_OBJC_ROOT_CLASS = YES_ERROR;
				CLANG_WARN_QUOTED_INCLUDE_IN_FRAMEWORK_HEADER = YES;
				CLANG_WARN_RANGE_LOOP_ANALYSIS = YES;
				CLANG_WARN_STRICT_PROTOTYPES = YES;
				CLANG_WARN_SUSPICIOUS_MOVE = YES;
				CLANG_WARN_UNGUARDED_AVAILABILITY = YES_AGGRESSIVE;
				CLANG_WARN_UNREACHABLE_CODE = YES;
				CLANG_WARN__DUPLICATE_METHOD_MATCH = YES;
				COPY_PHASE_STRIP = NO;
				DEBUG_INFORMATION_FORMAT = dwarf;
				ENABLE_STRICT_OBJC_MSGSEND = YES;
				ENABLE_TESTABILITY = YES;
				ENABLE_USER_SCRIPT_SANDBOXING = YES;
				GCC_C_LANGUAGE_STANDARD = gnu17;
				GCC_DYNAMIC_NO_PIC = NO;
				GCC_NO_COMMON_BLOCKS = YES;
				GCC_OPTIMIZATION_LEVEL = 0;
				GCC_PREPROCESSOR_DEFINITIONS = (
					"DEBUG=1",
					"$(inherited)",
				);
				GCC_WARN_64_TO_32_BIT_CONVERSION = YES;
				GCC_WARN_ABOUT_RETURN_TYPE = YES_ERROR;
				GCC_WARN_UNDECLARED_SELECTOR = YES;
				GCC_WARN_UNINITIALIZED_AUTOS = YES_AGGRESSIVE;
				GCC_WARN_UNUSED_FUNCTION = YES;
				GCC_WARN_UNUSED_VARIABLE = YES;
				IPHONEOS_DEPLOYMENT_TARGET = 17.0;
				LOCALIZATION_PREFERS_STRING_CATALOGS = YES;
				MTL_ENABLE_DEBUG_INFO = INCLUDE_SOURCE;
				MTL_FAST_MATH = YES;
				ONLY_ACTIVE_ARCH = YES;
				SDKROOT = iphoneos;
				SWIFT_ACTIVE_COMPILATION_CONDITIONS = "DEBUG $(inherited)";
				SWIFT_OPTIMIZATION_LEVEL = "-Onone";
			};
			name = Debug;
		};
		30B11F102AE8843100ACBB90 /* Release */ = {
			isa = XCBuildConfiguration;
			buildSettings = {
				ALWAYS_SEARCH_USER_PATHS = NO;
				ASSETCATALOG_COMPILER_GENERATE_SWIFT_ASSET_SYMBOL_EXTENSIONS = YES;
				CLANG_ANALYZER_NONNULL = YES;
				CLANG_ANALYZER_NUMBER_OBJECT_CONVERSION = YES_AGGRESSIVE;
				CLANG_CXX_LANGUAGE_STANDARD = "gnu++20";
				CLANG_ENABLE_MODULES = YES;
				CLANG_ENABLE_OBJC_ARC = YES;
				CLANG_ENABLE_OBJC_WEAK = YES;
				CLANG_WARN_BLOCK_CAPTURE_AUTORELEASING = YES;
				CLANG_WARN_BOOL_CONVERSION = YES;
				CLANG_WARN_COMMA = YES;
				CLANG_WARN_CONSTANT_CONVERSION = YES;
				CLANG_WARN_DEPRECATED_OBJC_IMPLEMENTATIONS = YES;
				CLANG_WARN_DIRECT_OBJC_ISA_USAGE = YES_ERROR;
				CLANG_WARN_DOCUMENTATION_COMMENTS = YES;
				CLANG_WARN_EMPTY_BODY = YES;
				CLANG_WARN_ENUM_CONVERSION = YES;
				CLANG_WARN_INFINITE_RECURSION = YES;
				CLANG_WARN_INT_CONVERSION = YES;
				CLANG_WARN_NON_LITERAL_NULL_CONVERSION = YES;
				CLANG_WARN_OBJC_IMPLICIT_RETAIN_SELF = YES;
				CLANG_WARN_OBJC_LITERAL_CONVERSION = YES;
				CLANG_WARN_OBJC_ROOT_CLASS = YES_ERROR;
				CLANG_WARN_QUOTED_INCLUDE_IN_FRAMEWORK_HEADER = YES;
				CLANG_WARN_RANGE_LOOP_ANALYSIS = YES;
				CLANG_WARN_STRICT_PROTOTYPES = YES;
				CLANG_WARN_SUSPICIOUS_MOVE = YES;
				CLANG_WARN_UNGUARDED_AVAILABILITY = YES_AGGRESSIVE;
				CLANG_WARN_UNREACHABLE_CODE = YES;
				CLANG_WARN__DUPLICATE_METHOD_MATCH = YES;
				COPY_PHASE_STRIP = NO;
				DEBUG_INFORMATION_FORMAT = "dwarf-with-dsym";
				ENABLE_NS_ASSERTIONS = NO;
				ENABLE_STRICT_OBJC_MSGSEND = YES;
				ENABLE_USER_SCRIPT_SANDBOXING = YES;
				GCC_C_LANGUAGE_STANDARD = gnu17;
				GCC_NO_COMMON_BLOCKS = YES;
				GCC_WARN_64_TO_32_BIT_CONVERSION = YES;
				GCC_WARN_ABOUT_RETURN_TYPE = YES_ERROR;
				GCC_WARN_UNDECLARED_SELECTOR = YES;
				GCC_WARN_UNINITIALIZED_AUTOS = YES_AGGRESSIVE;
				GCC_WARN_UNUSED_FUNCTION = YES;
				GCC_WARN_UNUSED_VARIABLE = YES;
				IPHONEOS_DEPLOYMENT_TARGET = 17.0;
				LOCALIZATION_PREFERS_STRING_CATALOGS = YES;
				MTL_ENABLE_DEBUG_INFO = NO;
				MTL_FAST_MATH = YES;
				SDKROOT = iphoneos;
				SWIFT_COMPILATION_MODE = wholemodule;
				VALIDATE_PRODUCT = YES;
			};
			name = Release;
		};
		30B11F122AE8843100ACBB90 /* Debug */ = {
			isa = XCBuildConfiguration;
			buildSettings = {
				ASSETCATALOG_COMPILER_APPICON_NAME = AppIcon;
				ASSETCATALOG_COMPILER_GLOBAL_ACCENT_COLOR_NAME = AccentColor;
				CODE_SIGN_STYLE = Automatic;
				CURRENT_PROJECT_VERSION = 1;
				DEVELOPMENT_ASSET_PATHS = "\"CashFlow/Preview Content\"";
				DEVELOPMENT_TEAM = THYYA3KQJV;
				ENABLE_PREVIEWS = YES;
				GENERATE_INFOPLIST_FILE = YES;
				INFOPLIST_KEY_LSApplicationCategoryType = "";
				INFOPLIST_KEY_NSBluetoothAlwaysUsageDescription = "Need to use Bluetooth";
				INFOPLIST_KEY_NSBluetoothPeripheralUsageDescription = "Need to use Bluetooth";
				INFOPLIST_KEY_NSCameraUsageDescription = "We need to Scan QR Codes";
				INFOPLIST_KEY_UIApplicationSceneManifest_Generation = YES;
				INFOPLIST_KEY_UIApplicationSupportsIndirectInputEvents = YES;
				INFOPLIST_KEY_UILaunchScreen_Generation = YES;
				INFOPLIST_KEY_UISupportedInterfaceOrientations_iPad = "UIInterfaceOrientationPortrait UIInterfaceOrientationPortraitUpsideDown UIInterfaceOrientationLandscapeLeft UIInterfaceOrientationLandscapeRight";
				INFOPLIST_KEY_UISupportedInterfaceOrientations_iPhone = "UIInterfaceOrientationPortrait UIInterfaceOrientationLandscapeLeft UIInterfaceOrientationLandscapeRight";
				IPHONEOS_DEPLOYMENT_TARGET = 17.0;
				LD_RUNPATH_SEARCH_PATHS = (
					"$(inherited)",
					"@executable_path/Frameworks",
				);
				MARKETING_VERSION = 1.0;
				PRODUCT_BUNDLE_IDENTIFIER = com.psyco.CashFlow;
				PRODUCT_NAME = "$(TARGET_NAME)";
				SWIFT_EMIT_LOC_STRINGS = YES;
				SWIFT_VERSION = 5.0;
				TARGETED_DEVICE_FAMILY = "1,2";
			};
			name = Debug;
		};
		30B11F132AE8843100ACBB90 /* Release */ = {
			isa = XCBuildConfiguration;
			buildSettings = {
				ASSETCATALOG_COMPILER_APPICON_NAME = AppIcon;
				ASSETCATALOG_COMPILER_GLOBAL_ACCENT_COLOR_NAME = AccentColor;
				CODE_SIGN_STYLE = Automatic;
				CURRENT_PROJECT_VERSION = 1;
				DEVELOPMENT_ASSET_PATHS = "\"CashFlow/Preview Content\"";
				DEVELOPMENT_TEAM = THYYA3KQJV;
				ENABLE_PREVIEWS = YES;
				GENERATE_INFOPLIST_FILE = YES;
				INFOPLIST_KEY_LSApplicationCategoryType = "";
				INFOPLIST_KEY_NSBluetoothAlwaysUsageDescription = "Need to use Bluetooth";
				INFOPLIST_KEY_NSBluetoothPeripheralUsageDescription = "Need to use Bluetooth";
				INFOPLIST_KEY_NSCameraUsageDescription = "We need to Scan QR Codes";
				INFOPLIST_KEY_UIApplicationSceneManifest_Generation = YES;
				INFOPLIST_KEY_UIApplicationSupportsIndirectInputEvents = YES;
				INFOPLIST_KEY_UILaunchScreen_Generation = YES;
				INFOPLIST_KEY_UISupportedInterfaceOrientations_iPad = "UIInterfaceOrientationPortrait UIInterfaceOrientationPortraitUpsideDown UIInterfaceOrientationLandscapeLeft UIInterfaceOrientationLandscapeRight";
				INFOPLIST_KEY_UISupportedInterfaceOrientations_iPhone = "UIInterfaceOrientationPortrait UIInterfaceOrientationLandscapeLeft UIInterfaceOrientationLandscapeRight";
				IPHONEOS_DEPLOYMENT_TARGET = 17.0;
				LD_RUNPATH_SEARCH_PATHS = (
					"$(inherited)",
					"@executable_path/Frameworks",
				);
				MARKETING_VERSION = 1.0;
				PRODUCT_BUNDLE_IDENTIFIER = com.psyco.CashFlow;
				PRODUCT_NAME = "$(TARGET_NAME)";
				SWIFT_EMIT_LOC_STRINGS = YES;
				SWIFT_VERSION = 5.0;
				TARGETED_DEVICE_FAMILY = "1,2";
			};
			name = Release;
		};
		30B11F152AE8843100ACBB90 /* Debug */ = {
			isa = XCBuildConfiguration;
			buildSettings = {
				ALWAYS_EMBED_SWIFT_STANDARD_LIBRARIES = YES;
				BUNDLE_LOADER = "$(TEST_HOST)";
				CODE_SIGN_STYLE = Automatic;
				CURRENT_PROJECT_VERSION = 1;
				DEVELOPMENT_TEAM = THYYA3KQJV;
				GENERATE_INFOPLIST_FILE = YES;
				IPHONEOS_DEPLOYMENT_TARGET = 17.0;
				MARKETING_VERSION = 1.0;
				PRODUCT_BUNDLE_IDENTIFIER = com.psyco.CashFlowTests;
				PRODUCT_NAME = "$(TARGET_NAME)";
				SWIFT_EMIT_LOC_STRINGS = NO;
				SWIFT_VERSION = 5.0;
				TARGETED_DEVICE_FAMILY = "1,2";
				TEST_HOST = "$(BUILT_PRODUCTS_DIR)/CashFlow.app/$(BUNDLE_EXECUTABLE_FOLDER_PATH)/CashFlow";
			};
			name = Debug;
		};
		30B11F162AE8843100ACBB90 /* Release */ = {
			isa = XCBuildConfiguration;
			buildSettings = {
				ALWAYS_EMBED_SWIFT_STANDARD_LIBRARIES = YES;
				BUNDLE_LOADER = "$(TEST_HOST)";
				CODE_SIGN_STYLE = Automatic;
				CURRENT_PROJECT_VERSION = 1;
				DEVELOPMENT_TEAM = THYYA3KQJV;
				GENERATE_INFOPLIST_FILE = YES;
				IPHONEOS_DEPLOYMENT_TARGET = 17.0;
				MARKETING_VERSION = 1.0;
				PRODUCT_BUNDLE_IDENTIFIER = com.psyco.CashFlowTests;
				PRODUCT_NAME = "$(TARGET_NAME)";
				SWIFT_EMIT_LOC_STRINGS = NO;
				SWIFT_VERSION = 5.0;
				TARGETED_DEVICE_FAMILY = "1,2";
				TEST_HOST = "$(BUILT_PRODUCTS_DIR)/CashFlow.app/$(BUNDLE_EXECUTABLE_FOLDER_PATH)/CashFlow";
			};
			name = Release;
		};
		30B11F182AE8843100ACBB90 /* Debug */ = {
			isa = XCBuildConfiguration;
			buildSettings = {
				ALWAYS_EMBED_SWIFT_STANDARD_LIBRARIES = YES;
				CODE_SIGN_STYLE = Automatic;
				CURRENT_PROJECT_VERSION = 1;
				DEVELOPMENT_TEAM = THYYA3KQJV;
				GENERATE_INFOPLIST_FILE = YES;
				MARKETING_VERSION = 1.0;
				PRODUCT_BUNDLE_IDENTIFIER = com.psyco.CashFlowUITests;
				PRODUCT_NAME = "$(TARGET_NAME)";
				SWIFT_EMIT_LOC_STRINGS = NO;
				SWIFT_VERSION = 5.0;
				TARGETED_DEVICE_FAMILY = "1,2";
				TEST_TARGET_NAME = CashFlow;
			};
			name = Debug;
		};
		30B11F192AE8843100ACBB90 /* Release */ = {
			isa = XCBuildConfiguration;
			buildSettings = {
				ALWAYS_EMBED_SWIFT_STANDARD_LIBRARIES = YES;
				CODE_SIGN_STYLE = Automatic;
				CURRENT_PROJECT_VERSION = 1;
				DEVELOPMENT_TEAM = THYYA3KQJV;
				GENERATE_INFOPLIST_FILE = YES;
				MARKETING_VERSION = 1.0;
				PRODUCT_BUNDLE_IDENTIFIER = com.psyco.CashFlowUITests;
				PRODUCT_NAME = "$(TARGET_NAME)";
				SWIFT_EMIT_LOC_STRINGS = NO;
				SWIFT_VERSION = 5.0;
				TARGETED_DEVICE_FAMILY = "1,2";
				TEST_TARGET_NAME = CashFlow;
			};
			name = Release;
		};
/* End XCBuildConfiguration section */

/* Begin XCConfigurationList section */
		30B11EE82AE8842F00ACBB90 /* Build configuration list for PBXProject "CashFlow" */ = {
			isa = XCConfigurationList;
			buildConfigurations = (
				30B11F0F2AE8843100ACBB90 /* Debug */,
				30B11F102AE8843100ACBB90 /* Release */,
			);
			defaultConfigurationIsVisible = 0;
			defaultConfigurationName = Release;
		};
		30B11F112AE8843100ACBB90 /* Build configuration list for PBXNativeTarget "CashFlow" */ = {
			isa = XCConfigurationList;
			buildConfigurations = (
				30B11F122AE8843100ACBB90 /* Debug */,
				30B11F132AE8843100ACBB90 /* Release */,
			);
			defaultConfigurationIsVisible = 0;
			defaultConfigurationName = Release;
		};
		30B11F142AE8843100ACBB90 /* Build configuration list for PBXNativeTarget "CashFlowTests" */ = {
			isa = XCConfigurationList;
			buildConfigurations = (
				30B11F152AE8843100ACBB90 /* Debug */,
				30B11F162AE8843100ACBB90 /* Release */,
			);
			defaultConfigurationIsVisible = 0;
			defaultConfigurationName = Release;
		};
		30B11F172AE8843100ACBB90 /* Build configuration list for PBXNativeTarget "CashFlowUITests" */ = {
			isa = XCConfigurationList;
			buildConfigurations = (
				30B11F182AE8843100ACBB90 /* Debug */,
				30B11F192AE8843100ACBB90 /* Release */,
			);
			defaultConfigurationIsVisible = 0;
			defaultConfigurationName = Release;
		};
/* End XCConfigurationList section */

/* Begin XCRemoteSwiftPackageReference section */
		066218E32AEC5D9700220867 /* XCRemoteSwiftPackageReference "CombineCoreBluetooth" */ = {
			isa = XCRemoteSwiftPackageReference;
			repositoryURL = "git@github.com:StarryInternet/CombineCoreBluetooth.git";
			requirement = {
				kind = upToNextMajorVersion;
				minimumVersion = 0.7.1;
			};
		};
		3054F6222AE9E32F001F9FB6 /* XCRemoteSwiftPackageReference "CodeScanner" */ = {
			isa = XCRemoteSwiftPackageReference;
			repositoryURL = "https://github.com/twostraws/CodeScanner";
			requirement = {
				kind = upToNextMajorVersion;
				minimumVersion = 2.3.3;
			};
		};
/* End XCRemoteSwiftPackageReference section */

/* Begin XCSwiftPackageProductDependency section */
		066218E42AEC5D9700220867 /* CombineCoreBluetooth */ = {
			isa = XCSwiftPackageProductDependency;
			package = 066218E32AEC5D9700220867 /* XCRemoteSwiftPackageReference "CombineCoreBluetooth" */;
			productName = CombineCoreBluetooth;
		};
		3054F6232AE9E32F001F9FB6 /* CodeScanner */ = {
			isa = XCSwiftPackageProductDependency;
			package = 3054F6222AE9E32F001F9FB6 /* XCRemoteSwiftPackageReference "CodeScanner" */;
			productName = CodeScanner;
		};
/* End XCSwiftPackageProductDependency section */
	};
	rootObject = 30B11EE52AE8842F00ACBB90 /* Project object */;
}
