// !$*UTF8*$!
{
	archiveVersion = 1;
	classes = {
	};
	objectVersion = 56;
	objects = {

/* Begin PBXBuildFile section */
		30B11EF12AE8842F00ACBB90 /* CashFlowApp.swift in Sources */ = {isa = PBXBuildFile; fileRef = 30B11EF02AE8842F00ACBB90 /* CashFlowApp.swift */; };
		30B11EF32AE8842F00ACBB90 /* ContentView.swift in Sources */ = {isa = PBXBuildFile; fileRef = 30B11EF22AE8842F00ACBB90 /* ContentView.swift */; };
		30B11EF52AE8843100ACBB90 /* Assets.xcassets in Resources */ = {isa = PBXBuildFile; fileRef = 30B11EF42AE8843100ACBB90 /* Assets.xcassets */; };
		30B11EF82AE8843100ACBB90 /* Preview Assets.xcassets in Resources */ = {isa = PBXBuildFile; fileRef = 30B11EF72AE8843100ACBB90 /* Preview Assets.xcassets */; };
		30B11F022AE8843100ACBB90 /* CashFlowTests.swift in Sources */ = {isa = PBXBuildFile; fileRef = 30B11F012AE8843100ACBB90 /* CashFlowTests.swift */; };
		30B11F0C2AE8843100ACBB90 /* CashFlowUITests.swift in Sources */ = {isa = PBXBuildFile; fileRef = 30B11F0B2AE8843100ACBB90 /* CashFlowUITests.swift */; };
		30B11F0E2AE8843100ACBB90 /* CashFlowUITestsLaunchTests.swift in Sources */ = {isa = PBXBuildFile; fileRef = 30B11F0D2AE8843100ACBB90 /* CashFlowUITestsLaunchTests.swift */; };
/* End PBXBuildFile section */

/* Begin PBXContainerItemProxy section */
		30B11EFE2AE8843100ACBB90 /* PBXContainerItemProxy */ = {
			isa = PBXContainerItemProxy;
			containerPortal = 30B11EE52AE8842F00ACBB90 /* Project object */;
			proxyType = 1;
			remoteGlobalIDString = 30B11EEC2AE8842F00ACBB90;
			remoteInfo = CashFlow;
		};
		30B11F082AE8843100ACBB90 /* PBXContainerItemProxy */ = {
			isa = PBXContainerItemProxy;
			containerPortal = 30B11EE52AE8842F00ACBB90 /* Project object */;
			proxyType = 1;
			remoteGlobalIDString = 30B11EEC2AE8842F00ACBB90;
			remoteInfo = CashFlow;
		};
/* End PBXContainerItemProxy section */

/* Begin PBXFileReference section */
		30B11EED2AE8842F00ACBB90 /* CashFlow.app */ = {isa = PBXFileReference; explicitFileType = wrapper.application; includeInIndex = 0; path = CashFlow.app; sourceTree = BUILT_PRODUCTS_DIR; };
		30B11EF02AE8842F00ACBB90 /* CashFlowApp.swift */ = {isa = PBXFileReference; lastKnownFileType = sourcecode.swift; path = CashFlowApp.swift; sourceTree = "<group>"; };
		30B11EF22AE8842F00ACBB90 /* ContentView.swift */ = {isa = PBXFileReference; lastKnownFileType = sourcecode.swift; path = ContentView.swift; sourceTree = "<group>"; };
		30B11EF42AE8843100ACBB90 /* Assets.xcassets */ = {isa = PBXFileReference; lastKnownFileType = folder.assetcatalog; path = Assets.xcassets; sourceTree = "<group>"; };
		30B11EF72AE8843100ACBB90 /* Preview Assets.xcassets */ = {isa = PBXFileReference; lastKnownFileType = folder.assetcatalog; path = "Preview Assets.xcassets"; sourceTree = "<group>"; };
		30B11EFD2AE8843100ACBB90 /* CashFlowTests.xctest */ = {isa = PBXFileReference; explicitFileType = wrapper.cfbundle; includeInIndex = 0; path = CashFlowTests.xctest; sourceTree = BUILT_PRODUCTS_DIR; };
		30B11F012AE8843100ACBB90 /* CashFlowTests.swift */ = {isa = PBXFileReference; lastKnownFileType = sourcecode.swift; path = CashFlowTests.swift; sourceTree = "<group>"; };
		30B11F072AE8843100ACBB90 /* CashFlowUITests.xctest */ = {isa = PBXFileReference; explicitFileType = wrapper.cfbundle; includeInIndex = 0; path = CashFlowUITests.xctest; sourceTree = BUILT_PRODUCTS_DIR; };
		30B11F0B2AE8843100ACBB90 /* CashFlowUITests.swift */ = {isa = PBXFileReference; lastKnownFileType = sourcecode.swift; path = CashFlowUITests.swift; sourceTree = "<group>"; };
		30B11F0D2AE8843100ACBB90 /* CashFlowUITestsLaunchTests.swift */ = {isa = PBXFileReference; lastKnownFileType = sourcecode.swift; path = CashFlowUITestsLaunchTests.swift; sourceTree = "<group>"; };
/* End PBXFileReference section */

/* Begin PBXFrameworksBuildPhase section */
		30B11EEA2AE8842F00ACBB90 /* Frameworks */ = {
			isa = PBXFrameworksBuildPhase;
			buildActionMask = 2147483647;
			files = (
			);
			runOnlyForDeploymentPostprocessing = 0;
		};
		30B11EFA2AE8843100ACBB90 /* Frameworks */ = {
			isa = PBXFrameworksBuildPhase;
			buildActionMask = 2147483647;
			files = (
			);
			runOnlyForDeploymentPostprocessing = 0;
		};
		30B11F042AE8843100ACBB90 /* Frameworks */ = {
			isa = PBXFrameworksBuildPhase;
			buildActionMask = 2147483647;
			files = (
			);
			runOnlyForDeploymentPostprocessing = 0;
		};
/* End PBXFrameworksBuildPhase section */

/* Begin PBXGroup section */
		30B11EE42AE8842F00ACBB90 = {
			isa = PBXGroup;
			children = (
				30B11EEF2AE8842F00ACBB90 /* CashFlow */,
				30B11F002AE8843100ACBB90 /* CashFlowTests */,
				30B11F0A2AE8843100ACBB90 /* CashFlowUITests */,
				30B11EEE2AE8842F00ACBB90 /* Products */,
			);
			sourceTree = "<group>";
		};
		30B11EEE2AE8842F00ACBB90 /* Products */ = {
			isa = PBXGroup;
			children = (
				30B11EED2AE8842F00ACBB90 /* CashFlow.app */,
				30B11EFD2AE8843100ACBB90 /* CashFlowTests.xctest */,
				30B11F072AE8843100ACBB90 /* CashFlowUITests.xctest */,
			);
			name = Products;
			sourceTree = "<group>";
		};
		30B11EEF2AE8842F00ACBB90 /* CashFlow */ = {
			isa = PBXGroup;
			children = (
				30B11EF02AE8842F00ACBB90 /* CashFlowApp.swift */,
				30B11EF22AE8842F00ACBB90 /* ContentView.swift */,
				30B11EF42AE8843100ACBB90 /* Assets.xcassets */,
				30B11EF62AE8843100ACBB90 /* Preview Content */,
			);
			path = CashFlow;
			sourceTree = "<group>";
		};
		30B11EF62AE8843100ACBB90 /* Preview Content */ = {
			isa = PBXGroup;
			children = (
				30B11EF72AE8843100ACBB90 /* Preview Assets.xcassets */,
			);
			path = "Preview Content";
			sourceTree = "<group>";
		};
		30B11F002AE8843100ACBB90 /* CashFlowTests */ = {
			isa = PBXGroup;
			children = (
				30B11F012AE8843100ACBB90 /* CashFlowTests.swift */,
			);
			path = CashFlowTests;
			sourceTree = "<group>";
		};
		30B11F0A2AE8843100ACBB90 /* CashFlowUITests */ = {
			isa = PBXGroup;
			children = (
				30B11F0B2AE8843100ACBB90 /* CashFlowUITests.swift */,
				30B11F0D2AE8843100ACBB90 /* CashFlowUITestsLaunchTests.swift */,
			);
			path = CashFlowUITests;
			sourceTree = "<group>";
		};
/* End PBXGroup section */

/* Begin PBXNativeTarget section */
		30B11EEC2AE8842F00ACBB90 /* CashFlow */ = {
			isa = PBXNativeTarget;
			buildConfigurationList = 30B11F112AE8843100ACBB90 /* Build configuration list for PBXNativeTarget "CashFlow" */;
			buildPhases = (
				30B11EE92AE8842F00ACBB90 /* Sources */,
				30B11EEA2AE8842F00ACBB90 /* Frameworks */,
				30B11EEB2AE8842F00ACBB90 /* Resources */,
			);
			buildRules = (
			);
			dependencies = (
			);
			name = CashFlow;
			productName = CashFlow;
			productReference = 30B11EED2AE8842F00ACBB90 /* CashFlow.app */;
			productType = "com.apple.product-type.application";
		};
		30B11EFC2AE8843100ACBB90 /* CashFlowTests */ = {
			isa = PBXNativeTarget;
			buildConfigurationList = 30B11F142AE8843100ACBB90 /* Build configuration list for PBXNativeTarget "CashFlowTests" */;
			buildPhases = (
				30B11EF92AE8843100ACBB90 /* Sources */,
				30B11EFA2AE8843100ACBB90 /* Frameworks */,
				30B11EFB2AE8843100ACBB90 /* Resources */,
			);
			buildRules = (
			);
			dependencies = (
				30B11EFF2AE8843100ACBB90 /* PBXTargetDependency */,
			);
			name = CashFlowTests;
			productName = CashFlowTests;
			productReference = 30B11EFD2AE8843100ACBB90 /* CashFlowTests.xctest */;
			productType = "com.apple.product-type.bundle.unit-test";
		};
		30B11F062AE8843100ACBB90 /* CashFlowUITests */ = {
			isa = PBXNativeTarget;
			buildConfigurationList = 30B11F172AE8843100ACBB90 /* Build configuration list for PBXNativeTarget "CashFlowUITests" */;
			buildPhases = (
				30B11F032AE8843100ACBB90 /* Sources */,
				30B11F042AE8843100ACBB90 /* Frameworks */,
				30B11F052AE8843100ACBB90 /* Resources */,
			);
			buildRules = (
			);
			dependencies = (
				30B11F092AE8843100ACBB90 /* PBXTargetDependency */,
			);
			name = CashFlowUITests;
			productName = CashFlowUITests;
			productReference = 30B11F072AE8843100ACBB90 /* CashFlowUITests.xctest */;
			productType = "com.apple.product-type.bundle.ui-testing";
		};
/* End PBXNativeTarget section */

/* Begin PBXProject section */
		30B11EE52AE8842F00ACBB90 /* Project object */ = {
			isa = PBXProject;
			attributes = {
				BuildIndependentTargetsInParallel = 1;
				LastSwiftUpdateCheck = 1500;
				LastUpgradeCheck = 1500;
				TargetAttributes = {
					30B11EEC2AE8842F00ACBB90 = {
						CreatedOnToolsVersion = 15.0.1;
					};
					30B11EFC2AE8843100ACBB90 = {
						CreatedOnToolsVersion = 15.0.1;
						TestTargetID = 30B11EEC2AE8842F00ACBB90;
					};
					30B11F062AE8843100ACBB90 = {
						CreatedOnToolsVersion = 15.0.1;
						TestTargetID = 30B11EEC2AE8842F00ACBB90;
					};
				};
			};
			buildConfigurationList = 30B11EE82AE8842F00ACBB90 /* Build configuration list for PBXProject "CashFlow" */;
			compatibilityVersion = "Xcode 14.0";
			developmentRegion = en;
			hasScannedForEncodings = 0;
			knownRegions = (
				en,
				Base,
			);
			mainGroup = 30B11EE42AE8842F00ACBB90;
			productRefGroup = 30B11EEE2AE8842F00ACBB90 /* Products */;
			projectDirPath = "";
			projectRoot = "";
			targets = (
				30B11EEC2AE8842F00ACBB90 /* CashFlow */,
				30B11EFC2AE8843100ACBB90 /* CashFlowTests */,
				30B11F062AE8843100ACBB90 /* CashFlowUITests */,
			);
		};
/* End PBXProject section */

/* Begin PBXResourcesBuildPhase section */
		30B11EEB2AE8842F00ACBB90 /* Resources */ = {
			isa = PBXResourcesBuildPhase;
			buildActionMask = 2147483647;
			files = (
				30B11EF82AE8843100ACBB90 /* Preview Assets.xcassets in Resources */,
				30B11EF52AE8843100ACBB90 /* Assets.xcassets in Resources */,
			);
			runOnlyForDeploymentPostprocessing = 0;
		};
		30B11EFB2AE8843100ACBB90 /* Resources */ = {
			isa = PBXResourcesBuildPhase;
			buildActionMask = 2147483647;
			files = (
			);
			runOnlyForDeploymentPostprocessing = 0;
		};
		30B11F052AE8843100ACBB90 /* Resources */ = {
			isa = PBXResourcesBuildPhase;
			buildActionMask = 2147483647;
			files = (
			);
			runOnlyForDeploymentPostprocessing = 0;
		};
/* End PBXResourcesBuildPhase section */

/* Begin PBXSourcesBuildPhase section */
		30B11EE92AE8842F00ACBB90 /* Sources */ = {
			isa = PBXSourcesBuildPhase;
			buildActionMask = 2147483647;
			files = (
				30B11EF32AE8842F00ACBB90 /* ContentView.swift in Sources */,
				30B11EF12AE8842F00ACBB90 /* CashFlowApp.swift in Sources */,
			);
			runOnlyForDeploymentPostprocessing = 0;
		};
		30B11EF92AE8843100ACBB90 /* Sources */ = {
			isa = PBXSourcesBuildPhase;
			buildActionMask = 2147483647;
			files = (
				30B11F022AE8843100ACBB90 /* CashFlowTests.swift in Sources */,
			);
			runOnlyForDeploymentPostprocessing = 0;
		};
		30B11F032AE8843100ACBB90 /* Sources */ = {
			isa = PBXSourcesBuildPhase;
			buildActionMask = 2147483647;
			files = (
				30B11F0E2AE8843100ACBB90 /* CashFlowUITestsLaunchTests.swift in Sources */,
				30B11F0C2AE8843100ACBB90 /* CashFlowUITests.swift in Sources */,
			);
			runOnlyForDeploymentPostprocessing = 0;
		};
/* End PBXSourcesBuildPhase section */

/* Begin PBXTargetDependency section */
		30B11EFF2AE8843100ACBB90 /* PBXTargetDependency */ = {
			isa = PBXTargetDependency;
			target = 30B11EEC2AE8842F00ACBB90 /* CashFlow */;
			targetProxy = 30B11EFE2AE8843100ACBB90 /* PBXContainerItemProxy */;
		};
		30B11F092AE8843100ACBB90 /* PBXTargetDependency */ = {
			isa = PBXTargetDependency;
			target = 30B11EEC2AE8842F00ACBB90 /* CashFlow */;
			targetProxy = 30B11F082AE8843100ACBB90 /* PBXContainerItemProxy */;
		};
/* End PBXTargetDependency section */

/* Begin XCBuildConfiguration section */
		30B11F0F2AE8843100ACBB90 /* Debug */ = {
			isa = XCBuildConfiguration;
			buildSettings = {
				ALWAYS_SEARCH_USER_PATHS = NO;
				ASSETCATALOG_COMPILER_GENERATE_SWIFT_ASSET_SYMBOL_EXTENSIONS = YES;
				CLANG_ANALYZER_NONNULL = YES;
				CLANG_ANALYZER_NUMBER_OBJECT_CONVERSION = YES_AGGRESSIVE;
				CLANG_CXX_LANGUAGE_STANDARD = "gnu++20";
				CLANG_ENABLE_MODULES = YES;
				CLANG_ENABLE_OBJC_ARC = YES;
				CLANG_ENABLE_OBJC_WEAK = YES;
				CLANG_WARN_BLOCK_CAPTURE_AUTORELEASING = YES;
				CLANG_WARN_BOOL_CONVERSION = YES;
				CLANG_WARN_COMMA = YES;
				CLANG_WARN_CONSTANT_CONVERSION = YES;
				CLANG_WARN_DEPRECATED_OBJC_IMPLEMENTATIONS = YES;
				CLANG_WARN_DIRECT_OBJC_ISA_USAGE = YES_ERROR;
				CLANG_WARN_DOCUMENTATION_COMMENTS = YES;
				CLANG_WARN_EMPTY_BODY = YES;
				CLANG_WARN_ENUM_CONVERSION = YES;
				CLANG_WARN_INFINITE_RECURSION = YES;
				CLANG_WARN_INT_CONVERSION = YES;
				CLANG_WARN_NON_LITERAL_NULL_CONVERSION = YES;
				CLANG_WARN_OBJC_IMPLICIT_RETAIN_SELF = YES;
				CLANG_WARN_OBJC_LITERAL_CONVERSION = YES;
				CLANG_WARN_OBJC_ROOT_CLASS = YES_ERROR;
				CLANG_WARN_QUOTED_INCLUDE_IN_FRAMEWORK_HEADER = YES;
				CLANG_WARN_RANGE_LOOP_ANALYSIS = YES;
				CLANG_WARN_STRICT_PROTOTYPES = YES;
				CLANG_WARN_SUSPICIOUS_MOVE = YES;
				CLANG_WARN_UNGUARDED_AVAILABILITY = YES_AGGRESSIVE;
				CLANG_WARN_UNREACHABLE_CODE = YES;
				CLANG_WARN__DUPLICATE_METHOD_MATCH = YES;
				COPY_PHASE_STRIP = NO;
				DEBUG_INFORMATION_FORMAT = dwarf;
				ENABLE_STRICT_OBJC_MSGSEND = YES;
				ENABLE_TESTABILITY = YES;
				ENABLE_USER_SCRIPT_SANDBOXING = YES;
				GCC_C_LANGUAGE_STANDARD = gnu17;
				GCC_DYNAMIC_NO_PIC = NO;
				GCC_NO_COMMON_BLOCKS = YES;
				GCC_OPTIMIZATION_LEVEL = 0;
				GCC_PREPROCESSOR_DEFINITIONS = (
					"DEBUG=1",
					"$(inherited)",
				);
				GCC_WARN_64_TO_32_BIT_CONVERSION = YES;
				GCC_WARN_ABOUT_RETURN_TYPE = YES_ERROR;
				GCC_WARN_UNDECLARED_SELECTOR = YES;
				GCC_WARN_UNINITIALIZED_AUTOS = YES_AGGRESSIVE;
				GCC_WARN_UNUSED_FUNCTION = YES;
				GCC_WARN_UNUSED_VARIABLE = YES;
				IPHONEOS_DEPLOYMENT_TARGET = 17.0;
				LOCALIZATION_PREFERS_STRING_CATALOGS = YES;
				MTL_ENABLE_DEBUG_INFO = INCLUDE_SOURCE;
				MTL_FAST_MATH = YES;
				ONLY_ACTIVE_ARCH = YES;
				SDKROOT = iphoneos;
				SWIFT_ACTIVE_COMPILATION_CONDITIONS = "DEBUG $(inherited)";
				SWIFT_OPTIMIZATION_LEVEL = "-Onone";
			};
			name = Debug;
		};
		30B11F102AE8843100ACBB90 /* Release */ = {
			isa = XCBuildConfiguration;
			buildSettings = {
				ALWAYS_SEARCH_USER_PATHS = NO;
				ASSETCATALOG_COMPILER_GENERATE_SWIFT_ASSET_SYMBOL_EXTENSIONS = YES;
				CLANG_ANALYZER_NONNULL = YES;
				CLANG_ANALYZER_NUMBER_OBJECT_CONVERSION = YES_AGGRESSIVE;
				CLANG_CXX_LANGUAGE_STANDARD = "gnu++20";
				CLANG_ENABLE_MODULES = YES;
				CLANG_ENABLE_OBJC_ARC = YES;
				CLANG_ENABLE_OBJC_WEAK = YES;
				CLANG_WARN_BLOCK_CAPTURE_AUTORELEASING = YES;
				CLANG_WARN_BOOL_CONVERSION = YES;
				CLANG_WARN_COMMA = YES;
				CLANG_WARN_CONSTANT_CONVERSION = YES;
				CLANG_WARN_DEPRECATED_OBJC_IMPLEMENTATIONS = YES;
				CLANG_WARN_DIRECT_OBJC_ISA_USAGE = YES_ERROR;
				CLANG_WARN_DOCUMENTATION_COMMENTS = YES;
				CLANG_WARN_EMPTY_BODY = YES;
				CLANG_WARN_ENUM_CONVERSION = YES;
				CLANG_WARN_INFINITE_RECURSION = YES;
				CLANG_WARN_INT_CONVERSION = YES;
				CLANG_WARN_NON_LITERAL_NULL_CONVERSION = YES;
				CLANG_WARN_OBJC_IMPLICIT_RETAIN_SELF = YES;
				CLANG_WARN_OBJC_LITERAL_CONVERSION = YES;
				CLANG_WARN_OBJC_ROOT_CLASS = YES_ERROR;
				CLANG_WARN_QUOTED_INCLUDE_IN_FRAMEWORK_HEADER = YES;
				CLANG_WARN_RANGE_LOOP_ANALYSIS = YES;
				CLANG_WARN_STRICT_PROTOTYPES = YES;
				CLANG_WARN_SUSPICIOUS_MOVE = YES;
				CLANG_WARN_UNGUARDED_AVAILABILITY = YES_AGGRESSIVE;
				CLANG_WARN_UNREACHABLE_CODE = YES;
				CLANG_WARN__DUPLICATE_METHOD_MATCH = YES;
				COPY_PHASE_STRIP = NO;
				DEBUG_INFORMATION_FORMAT = "dwarf-with-dsym";
				ENABLE_NS_ASSERTIONS = NO;
				ENABLE_STRICT_OBJC_MSGSEND = YES;
				ENABLE_USER_SCRIPT_SANDBOXING = YES;
				GCC_C_LANGUAGE_STANDARD = gnu17;
				GCC_NO_COMMON_BLOCKS = YES;
				GCC_WARN_64_TO_32_BIT_CONVERSION = YES;
				GCC_WARN_ABOUT_RETURN_TYPE = YES_ERROR;
				GCC_WARN_UNDECLARED_SELECTOR = YES;
				GCC_WARN_UNINITIALIZED_AUTOS = YES_AGGRESSIVE;
				GCC_WARN_UNUSED_FUNCTION = YES;
				GCC_WARN_UNUSED_VARIABLE = YES;
				IPHONEOS_DEPLOYMENT_TARGET = 17.0;
				LOCALIZATION_PREFERS_STRING_CATALOGS = YES;
				MTL_ENABLE_DEBUG_INFO = NO;
				MTL_FAST_MATH = YES;
				SDKROOT = iphoneos;
				SWIFT_COMPILATION_MODE = wholemodule;
				VALIDATE_PRODUCT = YES;
			};
			name = Release;
		};
		30B11F122AE8843100ACBB90 /* Debug */ = {
			isa = XCBuildConfiguration;
			buildSettings = {
				ASSETCATALOG_COMPILER_APPICON_NAME = AppIcon;
				ASSETCATALOG_COMPILER_GLOBAL_ACCENT_COLOR_NAME = AccentColor;
				CODE_SIGN_STYLE = Automatic;
				CURRENT_PROJECT_VERSION = 1;
				DEVELOPMENT_ASSET_PATHS = "\"CashFlow/Preview Content\"";
				DEVELOPMENT_TEAM = THYYA3KQJV;
				ENABLE_PREVIEWS = YES;
				GENERATE_INFOPLIST_FILE = YES;
				INFOPLIST_KEY_UIApplicationSceneManifest_Generation = YES;
				INFOPLIST_KEY_UIApplicationSupportsIndirectInputEvents = YES;
				INFOPLIST_KEY_UILaunchScreen_Generation = YES;
				INFOPLIST_KEY_UISupportedInterfaceOrientations_iPad = "UIInterfaceOrientationPortrait UIInterfaceOrientationPortraitUpsideDown UIInterfaceOrientationLandscapeLeft UIInterfaceOrientationLandscapeRight";
				INFOPLIST_KEY_UISupportedInterfaceOrientations_iPhone = "UIInterfaceOrientationPortrait UIInterfaceOrientationLandscapeLeft UIInterfaceOrientationLandscapeRight";
				LD_RUNPATH_SEARCH_PATHS = (
					"$(inherited)",
					"@executable_path/Frameworks",
				);
				MARKETING_VERSION = 1.0;
				PRODUCT_BUNDLE_IDENTIFIER = com.psyco.CashFlow;
				PRODUCT_NAME = "$(TARGET_NAME)";
				SWIFT_EMIT_LOC_STRINGS = YES;
				SWIFT_VERSION = 5.0;
				TARGETED_DEVICE_FAMILY = "1,2";
			};
			name = Debug;
		};
		30B11F132AE8843100ACBB90 /* Release */ = {
			isa = XCBuildConfiguration;
			buildSettings = {
				ASSETCATALOG_COMPILER_APPICON_NAME = AppIcon;
				ASSETCATALOG_COMPILER_GLOBAL_ACCENT_COLOR_NAME = AccentColor;
				CODE_SIGN_STYLE = Automatic;
				CURRENT_PROJECT_VERSION = 1;
				DEVELOPMENT_ASSET_PATHS = "\"CashFlow/Preview Content\"";
				DEVELOPMENT_TEAM = THYYA3KQJV;
				ENABLE_PREVIEWS = YES;
				GENERATE_INFOPLIST_FILE = YES;
				INFOPLIST_KEY_UIApplicationSceneManifest_Generation = YES;
				INFOPLIST_KEY_UIApplicationSupportsIndirectInputEvents = YES;
				INFOPLIST_KEY_UILaunchScreen_Generation = YES;
				INFOPLIST_KEY_UISupportedInterfaceOrientations_iPad = "UIInterfaceOrientationPortrait UIInterfaceOrientationPortraitUpsideDown UIInterfaceOrientationLandscapeLeft UIInterfaceOrientationLandscapeRight";
				INFOPLIST_KEY_UISupportedInterfaceOrientations_iPhone = "UIInterfaceOrientationPortrait UIInterfaceOrientationLandscapeLeft UIInterfaceOrientationLandscapeRight";
				LD_RUNPATH_SEARCH_PATHS = (
					"$(inherited)",
					"@executable_path/Frameworks",
				);
				MARKETING_VERSION = 1.0;
				PRODUCT_BUNDLE_IDENTIFIER = com.psyco.CashFlow;
				PRODUCT_NAME = "$(TARGET_NAME)";
				SWIFT_EMIT_LOC_STRINGS = YES;
				SWIFT_VERSION = 5.0;
				TARGETED_DEVICE_FAMILY = "1,2";
			};
			name = Release;
		};
		30B11F152AE8843100ACBB90 /* Debug */ = {
			isa = XCBuildConfiguration;
			buildSettings = {
				ALWAYS_EMBED_SWIFT_STANDARD_LIBRARIES = YES;
				BUNDLE_LOADER = "$(TEST_HOST)";
				CODE_SIGN_STYLE = Automatic;
				CURRENT_PROJECT_VERSION = 1;
				DEVELOPMENT_TEAM = THYYA3KQJV;
				GENERATE_INFOPLIST_FILE = YES;
				IPHONEOS_DEPLOYMENT_TARGET = 17.0;
				MARKETING_VERSION = 1.0;
				PRODUCT_BUNDLE_IDENTIFIER = com.psyco.CashFlowTests;
				PRODUCT_NAME = "$(TARGET_NAME)";
				SWIFT_EMIT_LOC_STRINGS = NO;
				SWIFT_VERSION = 5.0;
				TARGETED_DEVICE_FAMILY = "1,2";
				TEST_HOST = "$(BUILT_PRODUCTS_DIR)/CashFlow.app/$(BUNDLE_EXECUTABLE_FOLDER_PATH)/CashFlow";
			};
			name = Debug;
		};
		30B11F162AE8843100ACBB90 /* Release */ = {
			isa = XCBuildConfiguration;
			buildSettings = {
				ALWAYS_EMBED_SWIFT_STANDARD_LIBRARIES = YES;
				BUNDLE_LOADER = "$(TEST_HOST)";
				CODE_SIGN_STYLE = Automatic;
				CURRENT_PROJECT_VERSION = 1;
				DEVELOPMENT_TEAM = THYYA3KQJV;
				GENERATE_INFOPLIST_FILE = YES;
				IPHONEOS_DEPLOYMENT_TARGET = 17.0;
				MARKETING_VERSION = 1.0;
				PRODUCT_BUNDLE_IDENTIFIER = com.psyco.CashFlowTests;
				PRODUCT_NAME = "$(TARGET_NAME)";
				SWIFT_EMIT_LOC_STRINGS = NO;
				SWIFT_VERSION = 5.0;
				TARGETED_DEVICE_FAMILY = "1,2";
				TEST_HOST = "$(BUILT_PRODUCTS_DIR)/CashFlow.app/$(BUNDLE_EXECUTABLE_FOLDER_PATH)/CashFlow";
			};
			name = Release;
		};
		30B11F182AE8843100ACBB90 /* Debug */ = {
			isa = XCBuildConfiguration;
			buildSettings = {
				ALWAYS_EMBED_SWIFT_STANDARD_LIBRARIES = YES;
				CODE_SIGN_STYLE = Automatic;
				CURRENT_PROJECT_VERSION = 1;
				DEVELOPMENT_TEAM = THYYA3KQJV;
				GENERATE_INFOPLIST_FILE = YES;
				MARKETING_VERSION = 1.0;
				PRODUCT_BUNDLE_IDENTIFIER = com.psyco.CashFlowUITests;
				PRODUCT_NAME = "$(TARGET_NAME)";
				SWIFT_EMIT_LOC_STRINGS = NO;
				SWIFT_VERSION = 5.0;
				TARGETED_DEVICE_FAMILY = "1,2";
				TEST_TARGET_NAME = CashFlow;
			};
			name = Debug;
		};
		30B11F192AE8843100ACBB90 /* Release */ = {
			isa = XCBuildConfiguration;
			buildSettings = {
				ALWAYS_EMBED_SWIFT_STANDARD_LIBRARIES = YES;
				CODE_SIGN_STYLE = Automatic;
				CURRENT_PROJECT_VERSION = 1;
				DEVELOPMENT_TEAM = THYYA3KQJV;
				GENERATE_INFOPLIST_FILE = YES;
				MARKETING_VERSION = 1.0;
				PRODUCT_BUNDLE_IDENTIFIER = com.psyco.CashFlowUITests;
				PRODUCT_NAME = "$(TARGET_NAME)";
				SWIFT_EMIT_LOC_STRINGS = NO;
				SWIFT_VERSION = 5.0;
				TARGETED_DEVICE_FAMILY = "1,2";
				TEST_TARGET_NAME = CashFlow;
			};
			name = Release;
		};
/* End XCBuildConfiguration section */

/* Begin XCConfigurationList section */
		30B11EE82AE8842F00ACBB90 /* Build configuration list for PBXProject "CashFlow" */ = {
			isa = XCConfigurationList;
			buildConfigurations = (
				30B11F0F2AE8843100ACBB90 /* Debug */,
				30B11F102AE8843100ACBB90 /* Release */,
			);
			defaultConfigurationIsVisible = 0;
			defaultConfigurationName = Release;
		};
		30B11F112AE8843100ACBB90 /* Build configuration list for PBXNativeTarget "CashFlow" */ = {
			isa = XCConfigurationList;
			buildConfigurations = (
				30B11F122AE8843100ACBB90 /* Debug */,
				30B11F132AE8843100ACBB90 /* Release */,
			);
			defaultConfigurationIsVisible = 0;
			defaultConfigurationName = Release;
		};
		30B11F142AE8843100ACBB90 /* Build configuration list for PBXNativeTarget "CashFlowTests" */ = {
			isa = XCConfigurationList;
			buildConfigurations = (
				30B11F152AE8843100ACBB90 /* Debug */,
				30B11F162AE8843100ACBB90 /* Release */,
			);
			defaultConfigurationIsVisible = 0;
			defaultConfigurationName = Release;
		};
		30B11F172AE8843100ACBB90 /* Build configuration list for PBXNativeTarget "CashFlowUITests" */ = {
			isa = XCConfigurationList;
			buildConfigurations = (
				30B11F182AE8843100ACBB90 /* Debug */,
				30B11F192AE8843100ACBB90 /* Release */,
			);
			defaultConfigurationIsVisible = 0;
			defaultConfigurationName = Release;
		};
/* End XCConfigurationList section */
	};
	rootObject = 30B11EE52AE8842F00ACBB90 /* Project object */;
}
